
Microsoft Visual Studio Solution File, Format Version 12.00
# Visual Studio Version 17
VisualStudioVersion = 17.7.34031.279
MinimumVisualStudioVersion = 10.0.40219.1
Project("{FAE04EC0-301F-11D3-BF4B-00C04F79EFBC}") = "wpf solitare", "wpf solitare.csproj", "{EF02B9CD-E47D-4991-A5F3-8CF0E6A8DDE4}"
EndProject
Global
	GlobalSection(SolutionConfigurationPlatforms) = preSolution
		Debug|Any CPU = Debug|Any CPU
		Release|Any CPU = Release|Any CPU
	EndGlobalSection
	GlobalSection(ProjectConfigurationPlatforms) = postSolution
		{EF02B9CD-E47D-4991-A5F3-8CF0E6A8DDE4}.Debug|Any CPU.ActiveCfg = Debug|Any CPU
		{EF02B9CD-E47D-4991-A5F3-8CF0E6A8DDE4}.Debug|Any CPU.Build.0 = Debug|Any CPU
		{EF02B9CD-E47D-4991-A5F3-8CF0E6A8DDE4}.Release|Any CPU.ActiveCfg = Release|Any CPU
		{EF02B9CD-E47D-4991-A5F3-8CF0E6A8DDE4}.Release|Any CPU.Build.0 = Release|Any CPU
	EndGlobalSection
	GlobalSection(SolutionProperties) = preSolution
		HideSolutionNode = FALSE
	EndGlobalSection
	GlobalSection(ExtensibilityGlobals) = postSolution
		SolutionGuid = {E5133FFA-0D9F-4FDE-9B52-680B25014AE4}
	EndGlobalSection
EndGlobal
